
Microsoft Visual Studio Solution File, Format Version 12.00
# Visual Studio 15
VisualStudioVersion = 15.0.27703.2026
MinimumVisualStudioVersion = 10.0.40219.1
Project("{8BC9CEB8-8B4A-11D0-8D11-00A0C91BC942}") = "SocketCommunicationClient", "SocketCommunicationClient\SocketCommunicationClient.vcxproj", "{DBE58AC6-6D56-467E-9672-86A3DB9CB51A}"
EndProject
Global
	GlobalSection(SolutionConfigurationPlatforms) = preSolution
		Debug|x64 = Debug|x64
		Debug|x86 = Debug|x86
		Release|x64 = Release|x64
		Release|x86 = Release|x86
	EndGlobalSection
	GlobalSection(ProjectConfigurationPlatforms) = postSolution
		{DBE58AC6-6D56-467E-9672-86A3DB9CB51A}.Debug|x64.ActiveCfg = Debug|x64
		{DBE58AC6-6D56-467E-9672-86A3DB9CB51A}.Debug|x64.Build.0 = Debug|x64
		{DBE58AC6-6D56-467E-9672-86A3DB9CB51A}.Debug|x86.ActiveCfg = Debug|Win32
		{DBE58AC6-6D56-467E-9672-86A3DB9CB51A}.Debug|x86.Build.0 = Debug|Win32
		{DBE58AC6-6D56-467E-9672-86A3DB9CB51A}.Release|x64.ActiveCfg = Release|x64
		{DBE58AC6-6D56-467E-9672-86A3DB9CB51A}.Release|x64.Build.0 = Release|x64
		{DBE58AC6-6D56-467E-9672-86A3DB9CB51A}.Release|x86.ActiveCfg = Release|Win32
		{DBE58AC6-6D56-467E-9672-86A3DB9CB51A}.Release|x86.Build.0 = Release|Win32
	EndGlobalSection
	GlobalSection(SolutionProperties) = preSolution
		HideSolutionNode = FALSE
	EndGlobalSection
	GlobalSection(ExtensibilityGlobals) = postSolution
		SolutionGuid = {EC8D9BA7-5038-4CE5-932E-53E569121DEA}
	EndGlobalSection
EndGlobal
