
Microsoft Visual Studio Solution File, Format Version 12.00
# Visual Studio Version 16
VisualStudioVersion = 16.0.29806.167
MinimumVisualStudioVersion = 10.0.40219.1
Project("{8BC9CEB8-8B4A-11D0-8D11-00A0C91BC942}") = "GetDate", "GetDate\GetDate.vcxproj", "{929B419E-B96E-46A5-B38B-5914913D0E51}"
EndProject
Global
	GlobalSection(SolutionConfigurationPlatforms) = preSolution
		Debug|x64 = Debug|x64
		Debug|x86 = Debug|x86
		Release|x64 = Release|x64
		Release|x86 = Release|x86
	EndGlobalSection
	GlobalSection(ProjectConfigurationPlatforms) = postSolution
		{929B419E-B96E-46A5-B38B-5914913D0E51}.Debug|x64.ActiveCfg = Debug|x64
		{929B419E-B96E-46A5-B38B-5914913D0E51}.Debug|x64.Build.0 = Debug|x64
		{929B419E-B96E-46A5-B38B-5914913D0E51}.Debug|x86.ActiveCfg = Debug|Win32
		{929B419E-B96E-46A5-B38B-5914913D0E51}.Debug|x86.Build.0 = Debug|Win32
		{929B419E-B96E-46A5-B38B-5914913D0E51}.Release|x64.ActiveCfg = Release|x64
		{929B419E-B96E-46A5-B38B-5914913D0E51}.Release|x64.Build.0 = Release|x64
		{929B419E-B96E-46A5-B38B-5914913D0E51}.Release|x86.ActiveCfg = Release|Win32
		{929B419E-B96E-46A5-B38B-5914913D0E51}.Release|x86.Build.0 = Release|Win32
	EndGlobalSection
	GlobalSection(SolutionProperties) = preSolution
		HideSolutionNode = FALSE
	EndGlobalSection
	GlobalSection(ExtensibilityGlobals) = postSolution
		SolutionGuid = {6DA1782F-85D4-4681-B753-261D79ACCE40}
	EndGlobalSection
EndGlobal
