
Microsoft Visual Studio Solution File, Format Version 12.00
# Visual Studio 15
VisualStudioVersion = 15.0.27004.2002
MinimumVisualStudioVersion = 10.0.40219.1
Project("{8BC9CEB8-8B4A-11D0-8D11-00A0C91BC942}") = "Class_nest", "Class_nest\Class_nest.vcxproj", "{DF1D3C04-A5FB-4AA2-8A34-509B42BA52A1}"
EndProject
Global
	GlobalSection(SolutionConfigurationPlatforms) = preSolution
		Debug|x64 = Debug|x64
		Debug|x86 = Debug|x86
		Release|x64 = Release|x64
		Release|x86 = Release|x86
	EndGlobalSection
	GlobalSection(ProjectConfigurationPlatforms) = postSolution
		{DF1D3C04-A5FB-4AA2-8A34-509B42BA52A1}.Debug|x64.ActiveCfg = Debug|x64
		{DF1D3C04-A5FB-4AA2-8A34-509B42BA52A1}.Debug|x64.Build.0 = Debug|x64
		{DF1D3C04-A5FB-4AA2-8A34-509B42BA52A1}.Debug|x86.ActiveCfg = Debug|Win32
		{DF1D3C04-A5FB-4AA2-8A34-509B42BA52A1}.Debug|x86.Build.0 = Debug|Win32
		{DF1D3C04-A5FB-4AA2-8A34-509B42BA52A1}.Release|x64.ActiveCfg = Release|x64
		{DF1D3C04-A5FB-4AA2-8A34-509B42BA52A1}.Release|x64.Build.0 = Release|x64
		{DF1D3C04-A5FB-4AA2-8A34-509B42BA52A1}.Release|x86.ActiveCfg = Release|Win32
		{DF1D3C04-A5FB-4AA2-8A34-509B42BA52A1}.Release|x86.Build.0 = Release|Win32
	EndGlobalSection
	GlobalSection(SolutionProperties) = preSolution
		HideSolutionNode = FALSE
	EndGlobalSection
	GlobalSection(ExtensibilityGlobals) = postSolution
		SolutionGuid = {82FF77C9-EB28-4B12-A3D1-6D3881401159}
	EndGlobalSection
EndGlobal
