
Microsoft Visual Studio Solution File, Format Version 12.00
# Visual Studio 15
VisualStudioVersion = 15.0.27703.2026
MinimumVisualStudioVersion = 10.0.40219.1
Project("{8BC9CEB8-8B4A-11D0-8D11-00A0C91BC942}") = "IIR_LPF", "IIR_LPF\IIR_LPF.vcxproj", "{B8410E73-707F-4892-B78C-F1A2ADB43FB8}"
EndProject
Global
	GlobalSection(SolutionConfigurationPlatforms) = preSolution
		Debug|x64 = Debug|x64
		Debug|x86 = Debug|x86
		Release|x64 = Release|x64
		Release|x86 = Release|x86
	EndGlobalSection
	GlobalSection(ProjectConfigurationPlatforms) = postSolution
		{B8410E73-707F-4892-B78C-F1A2ADB43FB8}.Debug|x64.ActiveCfg = Debug|x64
		{B8410E73-707F-4892-B78C-F1A2ADB43FB8}.Debug|x64.Build.0 = Debug|x64
		{B8410E73-707F-4892-B78C-F1A2ADB43FB8}.Debug|x86.ActiveCfg = Debug|Win32
		{B8410E73-707F-4892-B78C-F1A2ADB43FB8}.Debug|x86.Build.0 = Debug|Win32
		{B8410E73-707F-4892-B78C-F1A2ADB43FB8}.Release|x64.ActiveCfg = Release|x64
		{B8410E73-707F-4892-B78C-F1A2ADB43FB8}.Release|x64.Build.0 = Release|x64
		{B8410E73-707F-4892-B78C-F1A2ADB43FB8}.Release|x86.ActiveCfg = Release|Win32
		{B8410E73-707F-4892-B78C-F1A2ADB43FB8}.Release|x86.Build.0 = Release|Win32
	EndGlobalSection
	GlobalSection(SolutionProperties) = preSolution
		HideSolutionNode = FALSE
	EndGlobalSection
	GlobalSection(ExtensibilityGlobals) = postSolution
		SolutionGuid = {E1571B90-C5F4-4A94-8BF1-1CCECF08C422}
	EndGlobalSection
EndGlobal
