
Microsoft Visual Studio Solution File, Format Version 12.00
# Visual Studio 15
VisualStudioVersion = 15.0.27703.2026
MinimumVisualStudioVersion = 10.0.40219.1
Project("{8BC9CEB8-8B4A-11D0-8D11-00A0C91BC942}") = "File_naming", "File_naming\File_naming.vcxproj", "{1C458BE4-D2D7-428E-BEFB-70C0CC2F7E91}"
EndProject
Global
	GlobalSection(SolutionConfigurationPlatforms) = preSolution
		Debug|x64 = Debug|x64
		Debug|x86 = Debug|x86
		Release|x64 = Release|x64
		Release|x86 = Release|x86
	EndGlobalSection
	GlobalSection(ProjectConfigurationPlatforms) = postSolution
		{1C458BE4-D2D7-428E-BEFB-70C0CC2F7E91}.Debug|x64.ActiveCfg = Debug|x64
		{1C458BE4-D2D7-428E-BEFB-70C0CC2F7E91}.Debug|x64.Build.0 = Debug|x64
		{1C458BE4-D2D7-428E-BEFB-70C0CC2F7E91}.Debug|x86.ActiveCfg = Debug|Win32
		{1C458BE4-D2D7-428E-BEFB-70C0CC2F7E91}.Debug|x86.Build.0 = Debug|Win32
		{1C458BE4-D2D7-428E-BEFB-70C0CC2F7E91}.Release|x64.ActiveCfg = Release|x64
		{1C458BE4-D2D7-428E-BEFB-70C0CC2F7E91}.Release|x64.Build.0 = Release|x64
		{1C458BE4-D2D7-428E-BEFB-70C0CC2F7E91}.Release|x86.ActiveCfg = Release|Win32
		{1C458BE4-D2D7-428E-BEFB-70C0CC2F7E91}.Release|x86.Build.0 = Release|Win32
	EndGlobalSection
	GlobalSection(SolutionProperties) = preSolution
		HideSolutionNode = FALSE
	EndGlobalSection
	GlobalSection(ExtensibilityGlobals) = postSolution
		SolutionGuid = {9A5FF472-6656-46A1-A23D-FFBED21C199B}
	EndGlobalSection
EndGlobal
